Microsoft Visual Studio Solution File, Format Version 12.00
# Visual Studio Version 17
VisualStudioVersion = 17.13.35931.197
MinimumVisualStudioVersion = 10.0.40219.1
Project("{FAE04EC0-301F-11D3-BF4B-00C04F79EFBC}") = "SJWBlazorLayoutTemplate", "SJWBlazorLayoutTemplate.csproj", "{A420199D-B6E1-4DF9-83F0-F882CB820109}"
EndProject
Global
	GlobalSection(SolutionConfigurationPlatforms) = preSolution
		Debug|Any CPU = Debug|Any CPU
		Release|Any CPU = Release|Any CPU
	EndGlobalSection
	GlobalSection(ProjectConfigurationPlatforms) = postSolution
		{A420199D-B6E1-4DF9-83F0-F882CB820109}.Debug|Any CPU.ActiveCfg = Debug|Any CPU
		{A420199D-B6E1-4DF9-83F0-F882CB820109}.Debug|Any CPU.Build.0 = Debug|Any CPU
		{A420199D-B6E1-4DF9-83F0-F882CB820109}.Release|Any CPU.ActiveCfg = Release|Any CPU
		{A420199D-B6E1-4DF9-83F0-F882CB820109}.Release|Any CPU.Build.0 = Release|Any CPU
	EndGlobalSection
	GlobalSection(SolutionProperties) = preSolution
		HideSolutionNode = FALSE
	EndGlobalSection
	GlobalSection(ExtensibilityGlobals) = postSolution
		SolutionGuid = {78DBBD16-239C-4C71-8D06-12F38EE6FA68}
	EndGlobalSection
EndGlobal
